{
  "name": "ts-dependencies",
  "version": "1.0.0",
  "lockfileVersion": 1,
  "requires": true,
  "dependencies": {
    "typescript": {
      "version": "3.1.0-dev.20180807",
      "resolved": "https://registry.npmjs.org/typescript/-/typescript-3.1.0-dev.20180807.tgz",
      "integrity": "sha512-sGnPUxU+vm/XOmlJ3g9CRldFKXB9YKk1+sbEq3JVNULpwHGpDZ5lZw9/M63c6sCdW90wvP2HghnsBD26V99ASA==",
      "dev": true
    }
  }
}
